// !$*UTF8*$!
{
	archiveVersion = 1;
	classes = {
	};
	objectVersion = 56;
	objects = {

/* Begin PBXBuildFile section */
		4CD43148A3D24FDADD9EA26B /* Pods_Myguni.framework in Frameworks */ = {isa = PBXBuildFile; fileRef = EAE6AD3CF5EA8F34613ED311 /* Pods_Myguni.framework */; };
		FF7C98262C1AAEDE0009346F /* AppDelegate.swift in Sources */ = {isa = PBXBuildFile; fileRef = FF7C98252C1AAEDE0009346F /* AppDelegate.swift */; };
		FF7C98282C1AAEDE0009346F /* SceneDelegate.swift in Sources */ = {isa = PBXBuildFile; fileRef = FF7C98272C1AAEDE0009346F /* SceneDelegate.swift */; };
		FF7C982D2C1AAEDE0009346F /* Base in Resources */ = {isa = PBXBuildFile; fileRef = FF7C982C2C1AAEDE0009346F /* Base */; };
		FF7C982F2C1AAEDF0009346F /* Assets.xcassets in Resources */ = {isa = PBXBuildFile; fileRef = FF7C982E2C1AAEDF0009346F /* Assets.xcassets */; };
		FF7C98322C1AAEDF0009346F /* Base in Resources */ = {isa = PBXBuildFile; fileRef = FF7C98312C1AAEDF0009346F /* Base */; };
		FF7C983F2C1AB33B0009346F /* MainViewController.swift in Sources */ = {isa = PBXBuildFile; fileRef = FF7C983E2C1AB33B0009346F /* MainViewController.swift */; };
		FF7C98412C1AB36E0009346F /* MainView.swift in Sources */ = {isa = PBXBuildFile; fileRef = FF7C98402C1AB36E0009346F /* MainView.swift */; };
		FF7C98432C1AB3880009346F /* MainManager.swift in Sources */ = {isa = PBXBuildFile; fileRef = FF7C98422C1AB3880009346F /* MainManager.swift */; };
		FF7C98452C1AB3AF0009346F /* DefaultView.swift in Sources */ = {isa = PBXBuildFile; fileRef = FF7C98442C1AB3AF0009346F /* DefaultView.swift */; };
		FF7C98472C1AB3BF0009346F /* DefaultManager.swift in Sources */ = {isa = PBXBuildFile; fileRef = FF7C98462C1AB3BF0009346F /* DefaultManager.swift */; };
		FF7C98492C1AB3F00009346F /* DefaultViewController.swift in Sources */ = {isa = PBXBuildFile; fileRef = FF7C98482C1AB3F00009346F /* DefaultViewController.swift */; };
		FFCA690E2C1ABED0004758D0 /* NewCartViewController.swift in Sources */ = {isa = PBXBuildFile; fileRef = FFCA690D2C1ABED0004758D0 /* NewCartViewController.swift */; };
/* End PBXBuildFile section */

/* Begin PBXFileReference section */
		04CD24438EBB31C8C866C535 /* Pods-Myguni.debug.xcconfig */ = {isa = PBXFileReference; includeInIndex = 1; lastKnownFileType = text.xcconfig; name = "Pods-Myguni.debug.xcconfig"; path = "Target Support Files/Pods-Myguni/Pods-Myguni.debug.xcconfig"; sourceTree = "<group>"; };
		1097D32A639ECCC0BB913ABD /* Pods-Myguni.release.xcconfig */ = {isa = PBXFileReference; includeInIndex = 1; lastKnownFileType = text.xcconfig; name = "Pods-Myguni.release.xcconfig"; path = "Target Support Files/Pods-Myguni/Pods-Myguni.release.xcconfig"; sourceTree = "<group>"; };
		EAE6AD3CF5EA8F34613ED311 /* Pods_Myguni.framework */ = {isa = PBXFileReference; explicitFileType = wrapper.framework; includeInIndex = 0; path = Pods_Myguni.framework; sourceTree = BUILT_PRODUCTS_DIR; };
		FF7C98222C1AAEDE0009346F /* Myguni.app */ = {isa = PBXFileReference; explicitFileType = wrapper.application; includeInIndex = 0; path = Myguni.app; sourceTree = BUILT_PRODUCTS_DIR; };
		FF7C98252C1AAEDE0009346F /* AppDelegate.swift */ = {isa = PBXFileReference; lastKnownFileType = sourcecode.swift; path = AppDelegate.swift; sourceTree = "<group>"; };
		FF7C98272C1AAEDE0009346F /* SceneDelegate.swift */ = {isa = PBXFileReference; lastKnownFileType = sourcecode.swift; path = SceneDelegate.swift; sourceTree = "<group>"; };
		FF7C982C2C1AAEDE0009346F /* Base */ = {isa = PBXFileReference; lastKnownFileType = file.storyboard; name = Base; path = Base.lproj/Main.storyboard; sourceTree = "<group>"; };
		FF7C982E2C1AAEDF0009346F /* Assets.xcassets */ = {isa = PBXFileReference; lastKnownFileType = folder.assetcatalog; path = Assets.xcassets; sourceTree = "<group>"; };
		FF7C98312C1AAEDF0009346F /* Base */ = {isa = PBXFileReference; lastKnownFileType = file.storyboard; name = Base; path = Base.lproj/LaunchScreen.storyboard; sourceTree = "<group>"; };
		FF7C98332C1AAEDF0009346F /* Info.plist */ = {isa = PBXFileReference; lastKnownFileType = text.plist.xml; path = Info.plist; sourceTree = "<group>"; };
		FF7C983E2C1AB33B0009346F /* MainViewController.swift */ = {isa = PBXFileReference; lastKnownFileType = sourcecode.swift; path = MainViewController.swift; sourceTree = "<group>"; };
		FF7C98402C1AB36E0009346F /* MainView.swift */ = {isa = PBXFileReference; lastKnownFileType = sourcecode.swift; path = MainView.swift; sourceTree = "<group>"; };
		FF7C98422C1AB3880009346F /* MainManager.swift */ = {isa = PBXFileReference; lastKnownFileType = sourcecode.swift; path = MainManager.swift; sourceTree = "<group>"; };
		FF7C98442C1AB3AF0009346F /* DefaultView.swift */ = {isa = PBXFileReference; fileEncoding = 4; lastKnownFileType = sourcecode.swift; name = DefaultView.swift; path = ../../../../SmoothTripPlanner/SmoothTripPlanner/Views/DefaultView.swift; sourceTree = "<group>"; };
		FF7C98462C1AB3BF0009346F /* DefaultManager.swift */ = {isa = PBXFileReference; fileEncoding = 4; lastKnownFileType = sourcecode.swift; name = DefaultManager.swift; path = ../../../../SmoothTripPlanner/SmoothTripPlanner/Models/DefaultManager.swift; sourceTree = "<group>"; };
		FF7C98482C1AB3F00009346F /* DefaultViewController.swift */ = {isa = PBXFileReference; fileEncoding = 4; lastKnownFileType = sourcecode.swift; name = DefaultViewController.swift; path = ../../../../SmoothTripPlanner/SmoothTripPlanner/Controllers/DefaultViewController.swift; sourceTree = "<group>"; };
		FFCA690D2C1ABED0004758D0 /* NewCartViewController.swift */ = {isa = PBXFileReference; lastKnownFileType = sourcecode.swift; path = NewCartViewController.swift; sourceTree = "<group>"; };
/* End PBXFileReference section */

/* Begin PBXFrameworksBuildPhase section */
		FF7C981F2C1AAEDE0009346F /* Frameworks */ = {
			isa = PBXFrameworksBuildPhase;
			buildActionMask = 2147483647;
			files = (
				4CD43148A3D24FDADD9EA26B /* Pods_Myguni.framework in Frameworks */,
			);
			runOnlyForDeploymentPostprocessing = 0;
		};
/* End PBXFrameworksBuildPhase section */

/* Begin PBXGroup section */
		6B7D022353AA06C849FDF5A2 /* Frameworks */ = {
			isa = PBXGroup;
			children = (
				EAE6AD3CF5EA8F34613ED311 /* Pods_Myguni.framework */,
			);
			name = Frameworks;
			sourceTree = "<group>";
		};
		C038621DD3339631014D41D4 /* Pods */ = {
			isa = PBXGroup;
			children = (
				04CD24438EBB31C8C866C535 /* Pods-Myguni.debug.xcconfig */,
				1097D32A639ECCC0BB913ABD /* Pods-Myguni.release.xcconfig */,
			);
			path = Pods;
			sourceTree = "<group>";
		};
		FF7C98192C1AAEDE0009346F = {
			isa = PBXGroup;
			children = (
				FF7C98242C1AAEDE0009346F /* Myguni */,
				FF7C98232C1AAEDE0009346F /* Products */,
				C038621DD3339631014D41D4 /* Pods */,
				6B7D022353AA06C849FDF5A2 /* Frameworks */,
			);
			sourceTree = "<group>";
		};
		FF7C98232C1AAEDE0009346F /* Products */ = {
			isa = PBXGroup;
			children = (
				FF7C98222C1AAEDE0009346F /* Myguni.app */,
			);
			name = Products;
			sourceTree = "<group>";
		};
		FF7C98242C1AAEDE0009346F /* Myguni */ = {
			isa = PBXGroup;
			children = (
				FF7C983B2C1AB1A80009346F /* Models */,
				FF7C983C2C1AB2080009346F /* Views */,
				FF7C983D2C1AB2150009346F /* Controllers */,
				FF7C98252C1AAEDE0009346F /* AppDelegate.swift */,
				FF7C98272C1AAEDE0009346F /* SceneDelegate.swift */,
				FF7C982B2C1AAEDE0009346F /* Main.storyboard */,
				FF7C982E2C1AAEDF0009346F /* Assets.xcassets */,
				FF7C98302C1AAEDF0009346F /* LaunchScreen.storyboard */,
				FF7C98332C1AAEDF0009346F /* Info.plist */,
			);
			path = Myguni;
			sourceTree = "<group>";
		};
		FF7C983B2C1AB1A80009346F /* Models */ = {
			isa = PBXGroup;
			children = (
				FF7C98422C1AB3880009346F /* MainManager.swift */,
				FF7C98462C1AB3BF0009346F /* DefaultManager.swift */,
			);
			path = Models;
			sourceTree = "<group>";
		};
		FF7C983C2C1AB2080009346F /* Views */ = {
			isa = PBXGroup;
			children = (
				FF7C98402C1AB36E0009346F /* MainView.swift */,
				FF7C98442C1AB3AF0009346F /* DefaultView.swift */,
			);
			path = Views;
			sourceTree = "<group>";
		};
		FF7C983D2C1AB2150009346F /* Controllers */ = {
			isa = PBXGroup;
			children = (
				FF7C983E2C1AB33B0009346F /* MainViewController.swift */,
				FF7C98482C1AB3F00009346F /* DefaultViewController.swift */,
				FFCA690D2C1ABED0004758D0 /* NewCartViewController.swift */,
			);
			path = Controllers;
			sourceTree = "<group>";
		};
/* End PBXGroup section */

/* Begin PBXNativeTarget section */
		FF7C98212C1AAEDE0009346F /* Myguni */ = {
			isa = PBXNativeTarget;
			buildConfigurationList = FF7C98362C1AAEDF0009346F /* Build configuration list for PBXNativeTarget "Myguni" */;
			buildPhases = (
				2E5739F0A8349B3120918FB2 /* [CP] Check Pods Manifest.lock */,
				FF7C981E2C1AAEDE0009346F /* Sources */,
				FF7C981F2C1AAEDE0009346F /* Frameworks */,
				FF7C98202C1AAEDE0009346F /* Resources */,
				603A8BFE405C1533F7A57828 /* [CP] Embed Pods Frameworks */,
			);
			buildRules = (
			);
			dependencies = (
			);
			name = Myguni;
			productName = Myguni;
			productReference = FF7C98222C1AAEDE0009346F /* Myguni.app */;
			productType = "com.apple.product-type.application";
		};
/* End PBXNativeTarget section */

/* Begin PBXProject section */
		FF7C981A2C1AAEDE0009346F /* Project object */ = {
			isa = PBXProject;
			attributes = {
				BuildIndependentTargetsInParallel = 1;
				LastSwiftUpdateCheck = 1540;
				LastUpgradeCheck = 1540;
				TargetAttributes = {
					FF7C98212C1AAEDE0009346F = {
						CreatedOnToolsVersion = 15.4;
					};
				};
			};
			buildConfigurationList = FF7C981D2C1AAEDE0009346F /* Build configuration list for PBXProject "Myguni" */;
			compatibilityVersion = "Xcode 14.0";
			developmentRegion = en;
			hasScannedForEncodings = 0;
			knownRegions = (
				en,
				Base,
			);
			mainGroup = FF7C98192C1AAEDE0009346F;
			productRefGroup = FF7C98232C1AAEDE0009346F /* Products */;
			projectDirPath = "";
			projectRoot = "";
			targets = (
				FF7C98212C1AAEDE0009346F /* Myguni */,
			);
		};
/* End PBXProject section */

/* Begin PBXResourcesBuildPhase section */
		FF7C98202C1AAEDE0009346F /* Resources */ = {
			isa = PBXResourcesBuildPhase;
			buildActionMask = 2147483647;
			files = (
				FF7C982F2C1AAEDF0009346F /* Assets.xcassets in Resources */,
				FF7C98322C1AAEDF0009346F /* Base in Resources */,
				FF7C982D2C1AAEDE0009346F /* Base in Resources */,
			);
			runOnlyForDeploymentPostprocessing = 0;
		};
/* End PBXResourcesBuildPhase section */

/* Begin PBXShellScriptBuildPhase section */
		2E5739F0A8349B3120918FB2 /* [CP] Check Pods Manifest.lock */ = {
			isa = PBXShellScriptBuildPhase;
			buildActionMask = 2147483647;
			files = (
			);
			inputFileListPaths = (
			);
			inputPaths = (
				"${PODS_PODFILE_DIR_PATH}/Podfile.lock",
				"${PODS_ROOT}/Manifest.lock",
			);
			name = "[CP] Check Pods Manifest.lock";
			outputFileListPaths = (
			);
			outputPaths = (
				"$(DERIVED_FILE_DIR)/Pods-Myguni-checkManifestLockResult.txt",
			);
			runOnlyForDeploymentPostprocessing = 0;
			shellPath = /bin/sh;
			shellScript = "diff \"${PODS_PODFILE_DIR_PATH}/Podfile.lock\" \"${PODS_ROOT}/Manifest.lock\" > /dev/null\nif [ $? != 0 ] ; then\n    # print error to STDERR\n    echo \"error: The sandbox is not in sync with the Podfile.lock. Run 'pod install' or update your CocoaPods installation.\" >&2\n    exit 1\nfi\n# This output is used by Xcode 'outputs' to avoid re-running this script phase.\necho \"SUCCESS\" > \"${SCRIPT_OUTPUT_FILE_0}\"\n";
			showEnvVarsInLog = 0;
		};
		603A8BFE405C1533F7A57828 /* [CP] Embed Pods Frameworks */ = {
			isa = PBXShellScriptBuildPhase;
			buildActionMask = 2147483647;
			files = (
			);
			inputFileListPaths = (
				"${PODS_ROOT}/Target Support Files/Pods-Myguni/Pods-Myguni-frameworks-${CONFIGURATION}-input-files.xcfilelist",
			);
			name = "[CP] Embed Pods Frameworks";
			outputFileListPaths = (
				"${PODS_ROOT}/Target Support Files/Pods-Myguni/Pods-Myguni-frameworks-${CONFIGURATION}-output-files.xcfilelist",
			);
			runOnlyForDeploymentPostprocessing = 0;
			shellPath = /bin/sh;
			shellScript = "\"${PODS_ROOT}/Target Support Files/Pods-Myguni/Pods-Myguni-frameworks.sh\"\n";
			showEnvVarsInLog = 0;
		};
/* End PBXShellScriptBuildPhase section */

/* Begin PBXSourcesBuildPhase section */
		FF7C981E2C1AAEDE0009346F /* Sources */ = {
			isa = PBXSourcesBuildPhase;
			buildActionMask = 2147483647;
			files = (
				FF7C983F2C1AB33B0009346F /* MainViewController.swift in Sources */,
				FF7C98412C1AB36E0009346F /* MainView.swift in Sources */,
				FF7C98492C1AB3F00009346F /* DefaultViewController.swift in Sources */,
				FF7C98452C1AB3AF0009346F /* DefaultView.swift in Sources */,
				FF7C98262C1AAEDE0009346F /* AppDelegate.swift in Sources */,
				FFCA690E2C1ABED0004758D0 /* NewCartViewController.swift in Sources */,
				FF7C98472C1AB3BF0009346F /* DefaultManager.swift in Sources */,
				FF7C98432C1AB3880009346F /* MainManager.swift in Sources */,
				FF7C98282C1AAEDE0009346F /* SceneDelegate.swift in Sources */,
			);
			runOnlyForDeploymentPostprocessing = 0;
		};
/* End PBXSourcesBuildPhase section */

/* Begin PBXVariantGroup section */
		FF7C982B2C1AAEDE0009346F /* Main.storyboard */ = {
			isa = PBXVariantGroup;
			children = (
				FF7C982C2C1AAEDE0009346F /* Base */,
			);
			name = Main.storyboard;
			sourceTree = "<group>";
		};
		FF7C98302C1AAEDF0009346F /* LaunchScreen.storyboard */ = {
			isa = PBXVariantGroup;
			children = (
				FF7C98312C1AAEDF0009346F /* Base */,
			);
			name = LaunchScreen.storyboard;
			sourceTree = "<group>";
		};
/* End PBXVariantGroup section */

/* Begin XCBuildConfiguration section */
		FF7C98342C1AAEDF0009346F /* Debug */ = {
			isa = XCBuildConfiguration;
			buildSettings = {
				ALWAYS_SEARCH_USER_PATHS = NO;
				ASSETCATALOG_COMPILER_GENERATE_SWIFT_ASSET_SYMBOL_EXTENSIONS = YES;
				CLANG_ANALYZER_NONNULL = YES;
				CLANG_ANALYZER_NUMBER_OBJECT_CONVERSION = YES_AGGRESSIVE;
				CLANG_CXX_LANGUAGE_STANDARD = "gnu++20";
				CLANG_ENABLE_MODULES = YES;
				CLANG_ENABLE_OBJC_ARC = YES;
				CLANG_ENABLE_OBJC_WEAK = YES;
				CLANG_WARN_BLOCK_CAPTURE_AUTORELEASING = YES;
				CLANG_WARN_BOOL_CONVERSION = YES;
				CLANG_WARN_COMMA = YES;
				CLANG_WARN_CONSTANT_CONVERSION = YES;
				CLANG_WARN_DEPRECATED_OBJC_IMPLEMENTATIONS = YES;
				CLANG_WARN_DIRECT_OBJC_ISA_USAGE = YES_ERROR;
				CLANG_WARN_DOCUMENTATION_COMMENTS = YES;
				CLANG_WARN_EMPTY_BODY = YES;
				CLANG_WARN_ENUM_CONVERSION = YES;
				CLANG_WARN_INFINITE_RECURSION = YES;
				CLANG_WARN_INT_CONVERSION = YES;
				CLANG_WARN_NON_LITERAL_NULL_CONVERSION = YES;
				CLANG_WARN_OBJC_IMPLICIT_RETAIN_SELF = YES;
				CLANG_WARN_OBJC_LITERAL_CONVERSION = YES;
				CLANG_WARN_OBJC_ROOT_CLASS = YES_ERROR;
				CLANG_WARN_QUOTED_INCLUDE_IN_FRAMEWORK_HEADER = YES;
				CLANG_WARN_RANGE_LOOP_ANALYSIS = YES;
				CLANG_WARN_STRICT_PROTOTYPES = YES;
				CLANG_WARN_SUSPICIOUS_MOVE = YES;
				CLANG_WARN_UNGUARDED_AVAILABILITY = YES_AGGRESSIVE;
				CLANG_WARN_UNREACHABLE_CODE = YES;
				CLANG_WARN__DUPLICATE_METHOD_MATCH = YES;
				COPY_PHASE_STRIP = NO;
				DEBUG_INFORMATION_FORMAT = dwarf;
				ENABLE_STRICT_OBJC_MSGSEND = YES;
				ENABLE_TESTABILITY = YES;
				ENABLE_USER_SCRIPT_SANDBOXING = NO;
				GCC_C_LANGUAGE_STANDARD = gnu17;
				GCC_DYNAMIC_NO_PIC = NO;
				GCC_NO_COMMON_BLOCKS = YES;
				GCC_OPTIMIZATION_LEVEL = 0;
				GCC_PREPROCESSOR_DEFINITIONS = (
					"DEBUG=1",
					"$(inherited)",
				);
				GCC_WARN_64_TO_32_BIT_CONVERSION = YES;
				GCC_WARN_ABOUT_RETURN_TYPE = YES_ERROR;
				GCC_WARN_UNDECLARED_SELECTOR = YES;
				GCC_WARN_UNINITIALIZED_AUTOS = YES_AGGRESSIVE;
				GCC_WARN_UNUSED_FUNCTION = YES;
				GCC_WARN_UNUSED_VARIABLE = YES;
				IPHONEOS_DEPLOYMENT_TARGET = 17.5;
				LOCALIZATION_PREFERS_STRING_CATALOGS = YES;
				MTL_ENABLE_DEBUG_INFO = INCLUDE_SOURCE;
				MTL_FAST_MATH = YES;
				ONLY_ACTIVE_ARCH = YES;
				SDKROOT = iphoneos;
				SWIFT_ACTIVE_COMPILATION_CONDITIONS = "DEBUG $(inherited)";
				SWIFT_OPTIMIZATION_LEVEL = "-Onone";
			};
			name = Debug;
		};
		FF7C98352C1AAEDF0009346F /* Release */ = {
			isa = XCBuildConfiguration;
			buildSettings = {
				ALWAYS_SEARCH_USER_PATHS = NO;
				ASSETCATALOG_COMPILER_GENERATE_SWIFT_ASSET_SYMBOL_EXTENSIONS = YES;
				CLANG_ANALYZER_NONNULL = YES;
				CLANG_ANALYZER_NUMBER_OBJECT_CONVERSION = YES_AGGRESSIVE;
				CLANG_CXX_LANGUAGE_STANDARD = "gnu++20";
				CLANG_ENABLE_MODULES = YES;
				CLANG_ENABLE_OBJC_ARC = YES;
				CLANG_ENABLE_OBJC_WEAK = YES;
				CLANG_WARN_BLOCK_CAPTURE_AUTORELEASING = YES;
				CLANG_WARN_BOOL_CONVERSION = YES;
				CLANG_WARN_COMMA = YES;
				CLANG_WARN_CONSTANT_CONVERSION = YES;
				CLANG_WARN_DEPRECATED_OBJC_IMPLEMENTATIONS = YES;
				CLANG_WARN_DIRECT_OBJC_ISA_USAGE = YES_ERROR;
				CLANG_WARN_DOCUMENTATION_COMMENTS = YES;
				CLANG_WARN_EMPTY_BODY = YES;
				CLANG_WARN_ENUM_CONVERSION = YES;
				CLANG_WARN_INFINITE_RECURSION = YES;
				CLANG_WARN_INT_CONVERSION = YES;
				CLANG_WARN_NON_LITERAL_NULL_CONVERSION = YES;
				CLANG_WARN_OBJC_IMPLICIT_RETAIN_SELF = YES;
				CLANG_WARN_OBJC_LITERAL_CONVERSION = YES;
				CLANG_WARN_OBJC_ROOT_CLASS = YES_ERROR;
				CLANG_WARN_QUOTED_INCLUDE_IN_FRAMEWORK_HEADER = YES;
				CLANG_WARN_RANGE_LOOP_ANALYSIS = YES;
				CLANG_WARN_STRICT_PROTOTYPES = YES;
				CLANG_WARN_SUSPICIOUS_MOVE = YES;
				CLANG_WARN_UNGUARDED_AVAILABILITY = YES_AGGRESSIVE;
				CLANG_WARN_UNREACHABLE_CODE = YES;
				CLANG_WARN__DUPLICATE_METHOD_MATCH = YES;
				COPY_PHASE_STRIP = NO;
				DEBUG_INFORMATION_FORMAT = "dwarf-with-dsym";
				ENABLE_NS_ASSERTIONS = NO;
				ENABLE_STRICT_OBJC_MSGSEND = YES;
				ENABLE_USER_SCRIPT_SANDBOXING = NO;
				GCC_C_LANGUAGE_STANDARD = gnu17;
				GCC_NO_COMMON_BLOCKS = YES;
				GCC_WARN_64_TO_32_BIT_CONVERSION = YES;
				GCC_WARN_ABOUT_RETURN_TYPE = YES_ERROR;
				GCC_WARN_UNDECLARED_SELECTOR = YES;
				GCC_WARN_UNINITIALIZED_AUTOS = YES_AGGRESSIVE;
				GCC_WARN_UNUSED_FUNCTION = YES;
				GCC_WARN_UNUSED_VARIABLE = YES;
				IPHONEOS_DEPLOYMENT_TARGET = 17.5;
				LOCALIZATION_PREFERS_STRING_CATALOGS = YES;
				MTL_ENABLE_DEBUG_INFO = NO;
				MTL_FAST_MATH = YES;
				SDKROOT = iphoneos;
				SWIFT_COMPILATION_MODE = wholemodule;
				VALIDATE_PRODUCT = YES;
			};
			name = Release;
		};
		FF7C98372C1AAEDF0009346F /* Debug */ = {
			isa = XCBuildConfiguration;
			baseConfigurationReference = 04CD24438EBB31C8C866C535 /* Pods-Myguni.debug.xcconfig */;
			buildSettings = {
				ASSETCATALOG_COMPILER_APPICON_NAME = AppIcon;
				ASSETCATALOG_COMPILER_GLOBAL_ACCENT_COLOR_NAME = AccentColor;
				CODE_SIGN_STYLE = Automatic;
				CURRENT_PROJECT_VERSION = 1;
				GENERATE_INFOPLIST_FILE = YES;
				INFOPLIST_FILE = Myguni/Info.plist;
				INFOPLIST_KEY_UIApplicationSupportsIndirectInputEvents = YES;
				INFOPLIST_KEY_UILaunchStoryboardName = LaunchScreen;
				INFOPLIST_KEY_UIMainStoryboardFile = Main;
				INFOPLIST_KEY_UISupportedInterfaceOrientations_iPad = "UIInterfaceOrientationPortrait UIInterfaceOrientationPortraitUpsideDown UIInterfaceOrientationLandscapeLeft UIInterfaceOrientationLandscapeRight";
				INFOPLIST_KEY_UISupportedInterfaceOrientations_iPhone = "UIInterfaceOrientationPortrait UIInterfaceOrientationLandscapeLeft UIInterfaceOrientationLandscapeRight";
				LD_RUNPATH_SEARCH_PATHS = (
					"$(inherited)",
					"@executable_path/Frameworks",
				);
				MARKETING_VERSION = 1.0;
				PRODUCT_BUNDLE_IDENTIFIER = com.yoonho.Myguni;
				PRODUCT_NAME = "$(TARGET_NAME)";
				SWIFT_EMIT_LOC_STRINGS = YES;
				SWIFT_VERSION = 5.0;
				TARGETED_DEVICE_FAMILY = "1,2";
			};
			name = Debug;
		};
		FF7C98382C1AAEDF0009346F /* Release */ = {
			isa = XCBuildConfiguration;
			baseConfigurationReference = 1097D32A639ECCC0BB913ABD /* Pods-Myguni.release.xcconfig */;
			buildSettings = {
				ASSETCATALOG_COMPILER_APPICON_NAME = AppIcon;
				ASSETCATALOG_COMPILER_GLOBAL_ACCENT_COLOR_NAME = AccentColor;
				CODE_SIGN_STYLE = Automatic;
				CURRENT_PROJECT_VERSION = 1;
				GENERATE_INFOPLIST_FILE = YES;
				INFOPLIST_FILE = Myguni/Info.plist;
				INFOPLIST_KEY_UIApplicationSupportsIndirectInputEvents = YES;
				INFOPLIST_KEY_UILaunchStoryboardName = LaunchScreen;
				INFOPLIST_KEY_UIMainStoryboardFile = Main;
				INFOPLIST_KEY_UISupportedInterfaceOrientations_iPad = "UIInterfaceOrientationPortrait UIInterfaceOrientationPortraitUpsideDown UIInterfaceOrientationLandscapeLeft UIInterfaceOrientationLandscapeRight";
				INFOPLIST_KEY_UISupportedInterfaceOrientations_iPhone = "UIInterfaceOrientationPortrait UIInterfaceOrientationLandscapeLeft UIInterfaceOrientationLandscapeRight";
				LD_RUNPATH_SEARCH_PATHS = (
					"$(inherited)",
					"@executable_path/Frameworks",
				);
				MARKETING_VERSION = 1.0;
				PRODUCT_BUNDLE_IDENTIFIER = com.yoonho.Myguni;
				PRODUCT_NAME = "$(TARGET_NAME)";
				SWIFT_EMIT_LOC_STRINGS = YES;
				SWIFT_VERSION = 5.0;
				TARGETED_DEVICE_FAMILY = "1,2";
			};
			name = Release;
		};
/* End XCBuildConfiguration section */

/* Begin XCConfigurationList section */
		FF7C981D2C1AAEDE0009346F /* Build configuration list for PBXProject "Myguni" */ = {
			isa = XCConfigurationList;
			buildConfigurations = (
				FF7C98342C1AAEDF0009346F /* Debug */,
				FF7C98352C1AAEDF0009346F /* Release */,
			);
			defaultConfigurationIsVisible = 0;
			defaultConfigurationName = Release;
		};
		FF7C98362C1AAEDF0009346F /* Build configuration list for PBXNativeTarget "Myguni" */ = {
			isa = XCConfigurationList;
			buildConfigurations = (
				FF7C98372C1AAEDF0009346F /* Debug */,
				FF7C98382C1AAEDF0009346F /* Release */,
			);
			defaultConfigurationIsVisible = 0;
			defaultConfigurationName = Release;
		};
/* End XCConfigurationList section */
	};
	rootObject = FF7C981A2C1AAEDE0009346F /* Project object */;
}
